// !$*UTF8*$!
{
	archiveVersion = 1;
	classes = {
	};
	objectVersion = 46;
	objects = {

/* Begin PBXBuildFile section */
		C3851FF31982D2E100D2F1AC /* Foundation.framework in Frameworks */ = {isa = PBXBuildFile; fileRef = C3851FF21982D2E100D2F1AC /* Foundation.framework */; };
		C3851FF51982D2E100D2F1AC /* CoreGraphics.framework in Frameworks */ = {isa = PBXBuildFile; fileRef = C3851FF41982D2E100D2F1AC /* CoreGraphics.framework */; };
		C3851FF71982D2E100D2F1AC /* UIKit.framework in Frameworks */ = {isa = PBXBuildFile; fileRef = C3851FF61982D2E100D2F1AC /* UIKit.framework */; };
		C3851FFD1982D2E100D2F1AC /* InfoPlist.strings in Resources */ = {isa = PBXBuildFile; fileRef = C3851FFB1982D2E100D2F1AC /* InfoPlist.strings */; };
		C3851FFF1982D2E100D2F1AC /* main.m in Sources */ = {isa = PBXBuildFile; fileRef = C3851FFE1982D2E100D2F1AC /* main.m */; };
		C38520031982D2E100D2F1AC /* PSAppDelegate.m in Sources */ = {isa = PBXBuildFile; fileRef = C38520021982D2E100D2F1AC /* PSAppDelegate.m */; };
		C38520061982D2E100D2F1AC /* Main_iPhone.storyboard in Resources */ = {isa = PBXBuildFile; fileRef = C38520041982D2E100D2F1AC /* Main_iPhone.storyboard */; };
		C38520091982D2E100D2F1AC /* Main_iPad.storyboard in Resources */ = {isa = PBXBuildFile; fileRef = C38520071982D2E100D2F1AC /* Main_iPad.storyboard */; };
		C385200C1982D2E100D2F1AC /* PSViewController.m in Sources */ = {isa = PBXBuildFile; fileRef = C385200B1982D2E100D2F1AC /* PSViewController.m */; };
		C385200E1982D2E100D2F1AC /* Images.xcassets in Resources */ = {isa = PBXBuildFile; fileRef = C385200D1982D2E100D2F1AC /* Images.xcassets */; };
		C38520151982D2E100D2F1AC /* XCTest.framework in Frameworks */ = {isa = PBXBuildFile; fileRef = C38520141982D2E100D2F1AC /* XCTest.framework */; };
		C38520161982D2E100D2F1AC /* Foundation.framework in Frameworks */ = {isa = PBXBuildFile; fileRef = C3851FF21982D2E100D2F1AC /* Foundation.framework */; };
		C38520171982D2E100D2F1AC /* UIKit.framework in Frameworks */ = {isa = PBXBuildFile; fileRef = C3851FF61982D2E100D2F1AC /* UIKit.framework */; };
		C385201F1982D2E100D2F1AC /* InfoPlist.strings in Resources */ = {isa = PBXBuildFile; fileRef = C385201D1982D2E100D2F1AC /* InfoPlist.strings */; };
		C38520211982D2E100D2F1AC /* peekshareTests.m in Sources */ = {isa = PBXBuildFile; fileRef = C38520201982D2E100D2F1AC /* peekshareTests.m */; };
/* End PBXBuildFile section */

/* Begin PBXContainerItemProxy section */
		C38520181982D2E100D2F1AC /* PBXContainerItemProxy */ = {
			isa = PBXContainerItemProxy;
			containerPortal = C3851FE71982D2E100D2F1AC /* Project object */;
			proxyType = 1;
			remoteGlobalIDString = C3851FEE1982D2E100D2F1AC;
			remoteInfo = peekshare;
		};
/* End PBXContainerItemProxy section */

/* Begin PBXFileReference section */
		C3851FEF1982D2E100D2F1AC /* peekshare.app */ = {isa = PBXFileReference; explicitFileType = wrapper.application; includeInIndex = 0; path = peekshare.app; sourceTree = BUILT_PRODUCTS_DIR; };
		C3851FF21982D2E100D2F1AC /* Foundation.framework */ = {isa = PBXFileReference; lastKnownFileType = wrapper.framework; name = Foundation.framework; path = System/Library/Frameworks/Foundation.framework; sourceTree = SDKROOT; };
		C3851FF41982D2E100D2F1AC /* CoreGraphics.framework */ = {isa = PBXFileReference; lastKnownFileType = wrapper.framework; name = CoreGraphics.framework; path = System/Library/Frameworks/CoreGraphics.framework; sourceTree = SDKROOT; };
		C3851FF61982D2E100D2F1AC /* UIKit.framework */ = {isa = PBXFileReference; lastKnownFileType = wrapper.framework; name = UIKit.framework; path = System/Library/Frameworks/UIKit.framework; sourceTree = SDKROOT; };
		C3851FFA1982D2E100D2F1AC /* peekshare-Info.plist */ = {isa = PBXFileReference; lastKnownFileType = text.plist.xml; path = "peekshare-Info.plist"; sourceTree = "<group>"; };
		C3851FFC1982D2E100D2F1AC /* en */ = {isa = PBXFileReference; lastKnownFileType = text.plist.strings; name = en; path = en.lproj/InfoPlist.strings; sourceTree = "<group>"; };
		C3851FFE1982D2E100D2F1AC /* main.m */ = {isa = PBXFileReference; lastKnownFileType = sourcecode.c.objc; path = main.m; sourceTree = "<group>"; };
		C38520001982D2E100D2F1AC /* peekshare-Prefix.pch */ = {isa = PBXFileReference; lastKnownFileType = sourcecode.c.h; path = "peekshare-Prefix.pch"; sourceTree = "<group>"; };
		C38520011982D2E100D2F1AC /* PSAppDelegate.h */ = {isa = PBXFileReference; lastKnownFileType = sourcecode.c.h; path = PSAppDelegate.h; sourceTree = "<group>"; };
		C38520021982D2E100D2F1AC /* PSAppDelegate.m */ = {isa = PBXFileReference; lastKnownFileType = sourcecode.c.objc; path = PSAppDelegate.m; sourceTree = "<group>"; };
		C38520051982D2E100D2F1AC /* Base */ = {isa = PBXFileReference; lastKnownFileType = file.storyboard; name = Base; path = Base.lproj/Main_iPhone.storyboard; sourceTree = "<group>"; };
		C38520081982D2E100D2F1AC /* Base */ = {isa = PBXFileReference; lastKnownFileType = file.storyboard; name = Base; path = Base.lproj/Main_iPad.storyboard; sourceTree = "<group>"; };
		C385200A1982D2E100D2F1AC /* PSViewController.h */ = {isa = PBXFileReference; lastKnownFileType = sourcecode.c.h; path = PSViewController.h; sourceTree = "<group>"; };
		C385200B1982D2E100D2F1AC /* PSViewController.m */ = {isa = PBXFileReference; lastKnownFileType = sourcecode.c.objc; path = PSViewController.m; sourceTree = "<group>"; };
		C385200D1982D2E100D2F1AC /* Images.xcassets */ = {isa = PBXFileReference; lastKnownFileType = folder.assetcatalog; path = Images.xcassets; sourceTree = "<group>"; };
		C38520131982D2E100D2F1AC /* peekshareTests.xctest */ = {isa = PBXFileReference; explicitFileType = wrapper.cfbundle; includeInIndex = 0; path = peekshareTests.xctest; sourceTree = BUILT_PRODUCTS_DIR; };
		C38520141982D2E100D2F1AC /* XCTest.framework */ = {isa = PBXFileReference; lastKnownFileType = wrapper.framework; name = XCTest.framework; path = Library/Frameworks/XCTest.framework; sourceTree = DEVELOPER_DIR; };
		C385201C1982D2E100D2F1AC /* peekshareTests-Info.plist */ = {isa = PBXFileReference; lastKnownFileType = text.plist.xml; path = "peekshareTests-Info.plist"; sourceTree = "<group>"; };
		C385201E1982D2E100D2F1AC /* en */ = {isa = PBXFileReference; lastKnownFileType = text.plist.strings; name = en; path = en.lproj/InfoPlist.strings; sourceTree = "<group>"; };
		C38520201982D2E100D2F1AC /* peekshareTests.m */ = {isa = PBXFileReference; lastKnownFileType = sourcecode.c.objc; path = peekshareTests.m; sourceTree = "<group>"; };
/* End PBXFileReference section */

/* Begin PBXFrameworksBuildPhase section */
		C3851FEC1982D2E100D2F1AC /* Frameworks */ = {
			isa = PBXFrameworksBuildPhase;
			buildActionMask = 2147483647;
			files = (
				C3851FF51982D2E100D2F1AC /* CoreGraphics.framework in Frameworks */,
				C3851FF71982D2E100D2F1AC /* UIKit.framework in Frameworks */,
				C3851FF31982D2E100D2F1AC /* Foundation.framework in Frameworks */,
			);
			runOnlyForDeploymentPostprocessing = 0;
		};
		C38520101982D2E100D2F1AC /* Frameworks */ = {
			isa = PBXFrameworksBuildPhase;
			buildActionMask = 2147483647;
			files = (
				C38520151982D2E100D2F1AC /* XCTest.framework in Frameworks */,
				C38520171982D2E100D2F1AC /* UIKit.framework in Frameworks */,
				C38520161982D2E100D2F1AC /* Foundation.framework in Frameworks */,
			);
			runOnlyForDeploymentPostprocessing = 0;
		};
/* End PBXFrameworksBuildPhase section */

/* Begin PBXGroup section */
		C3851FE61982D2E100D2F1AC = {
			isa = PBXGroup;
			children = (
				C3851FF81982D2E100D2F1AC /* peekshare */,
				C385201A1982D2E100D2F1AC /* peekshareTests */,
				C3851FF11982D2E100D2F1AC /* Frameworks */,
				C3851FF01982D2E100D2F1AC /* Products */,
			);
			sourceTree = "<group>";
		};
		C3851FF01982D2E100D2F1AC /* Products */ = {
			isa = PBXGroup;
			children = (
				C3851FEF1982D2E100D2F1AC /* peekshare.app */,
				C38520131982D2E100D2F1AC /* peekshareTests.xctest */,
			);
			name = Products;
			sourceTree = "<group>";
		};
		C3851FF11982D2E100D2F1AC /* Frameworks */ = {
			isa = PBXGroup;
			children = (
				C3851FF21982D2E100D2F1AC /* Foundation.framework */,
				C3851FF41982D2E100D2F1AC /* CoreGraphics.framework */,
				C3851FF61982D2E100D2F1AC /* UIKit.framework */,
				C38520141982D2E100D2F1AC /* XCTest.framework */,
			);
			name = Frameworks;
			sourceTree = "<group>";
		};
		C3851FF81982D2E100D2F1AC /* peekshare */ = {
			isa = PBXGroup;
			children = (
				C38520011982D2E100D2F1AC /* PSAppDelegate.h */,
				C38520021982D2E100D2F1AC /* PSAppDelegate.m */,
				C38520041982D2E100D2F1AC /* Main_iPhone.storyboard */,
				C38520071982D2E100D2F1AC /* Main_iPad.storyboard */,
				C385200A1982D2E100D2F1AC /* PSViewController.h */,
				C385200B1982D2E100D2F1AC /* PSViewController.m */,
				C385200D1982D2E100D2F1AC /* Images.xcassets */,
				C3851FF91982D2E100D2F1AC /* Supporting Files */,
			);
			path = peekshare;
			sourceTree = "<group>";
		};
		C3851FF91982D2E100D2F1AC /* Supporting Files */ = {
			isa = PBXGroup;
			children = (
				C3851FFA1982D2E100D2F1AC /* peekshare-Info.plist */,
				C3851FFB1982D2E100D2F1AC /* InfoPlist.strings */,
				C3851FFE1982D2E100D2F1AC /* main.m */,
				C38520001982D2E100D2F1AC /* peekshare-Prefix.pch */,
			);
			name = "Supporting Files";
			sourceTree = "<group>";
		};
		C385201A1982D2E100D2F1AC /* peekshareTests */ = {
			isa = PBXGroup;
			children = (
				C38520201982D2E100D2F1AC /* peekshareTests.m */,
				C385201B1982D2E100D2F1AC /* Supporting Files */,
			);
			path = peekshareTests;
			sourceTree = "<group>";
		};
		C385201B1982D2E100D2F1AC /* Supporting Files */ = {
			isa = PBXGroup;
			children = (
				C385201C1982D2E100D2F1AC /* peekshareTests-Info.plist */,
				C385201D1982D2E100D2F1AC /* InfoPlist.strings */,
			);
			name = "Supporting Files";
			sourceTree = "<group>";
		};
/* End PBXGroup section */

/* Begin PBXNativeTarget section */
		C3851FEE1982D2E100D2F1AC /* peekshare */ = {
			isa = PBXNativeTarget;
			buildConfigurationList = C38520241982D2E100D2F1AC /* Build configuration list for PBXNativeTarget "peekshare" */;
			buildPhases = (
				C3851FEB1982D2E100D2F1AC /* Sources */,
				C3851FEC1982D2E100D2F1AC /* Frameworks */,
				C3851FED1982D2E100D2F1AC /* Resources */,
			);
			buildRules = (
			);
			dependencies = (
			);
			name = peekshare;
			productName = peekshare;
			productReference = C3851FEF1982D2E100D2F1AC /* peekshare.app */;
			productType = "com.apple.product-type.application";
		};
		C38520121982D2E100D2F1AC /* peekshareTests */ = {
			isa = PBXNativeTarget;
			buildConfigurationList = C38520271982D2E100D2F1AC /* Build configuration list for PBXNativeTarget "peekshareTests" */;
			buildPhases = (
				C385200F1982D2E100D2F1AC /* Sources */,
				C38520101982D2E100D2F1AC /* Frameworks */,
				C38520111982D2E100D2F1AC /* Resources */,
			);
			buildRules = (
			);
			dependencies = (
				C38520191982D2E100D2F1AC /* PBXTargetDependency */,
			);
			name = peekshareTests;
			productName = peekshareTests;
			productReference = C38520131982D2E100D2F1AC /* peekshareTests.xctest */;
			productType = "com.apple.product-type.bundle.unit-test";
		};
/* End PBXNativeTarget section */

/* Begin PBXProject section */
		C3851FE71982D2E100D2F1AC /* Project object */ = {
			isa = PBXProject;
			attributes = {
				CLASSPREFIX = PS;
				LastUpgradeCheck = 0510;
				ORGANIZATIONNAME = "Dennis Schmidt";
				TargetAttributes = {
					C38520121982D2E100D2F1AC = {
						TestTargetID = C3851FEE1982D2E100D2F1AC;
					};
				};
			};
			buildConfigurationList = C3851FEA1982D2E100D2F1AC /* Build configuration list for PBXProject "peekshare" */;
			compatibilityVersion = "Xcode 3.2";
			developmentRegion = English;
			hasScannedForEncodings = 0;
			knownRegions = (
				en,
				Base,
			);
			mainGroup = C3851FE61982D2E100D2F1AC;
			productRefGroup = C3851FF01982D2E100D2F1AC /* Products */;
			projectDirPath = "";
			projectRoot = "";
			targets = (
				C3851FEE1982D2E100D2F1AC /* peekshare */,
				C38520121982D2E100D2F1AC /* peekshareTests */,
			);
		};
/* End PBXProject section */

/* Begin PBXResourcesBuildPhase section */
		C3851FED1982D2E100D2F1AC /* Resources */ = {
			isa = PBXResourcesBuildPhase;
			buildActionMask = 2147483647;
			files = (
				C38520091982D2E100D2F1AC /* Main_iPad.storyboard in Resources */,
				C385200E1982D2E100D2F1AC /* Images.xcassets in Resources */,
				C38520061982D2E100D2F1AC /* Main_iPhone.storyboard in Resources */,
				C3851FFD1982D2E100D2F1AC /* InfoPlist.strings in Resources */,
			);
			runOnlyForDeploymentPostprocessing = 0;
		};
		C38520111982D2E100D2F1AC /* Resources */ = {
			isa = PBXResourcesBuildPhase;
			buildActionMask = 2147483647;
			files = (
				C385201F1982D2E100D2F1AC /* InfoPlist.strings in Resources */,
			);
			runOnlyForDeploymentPostprocessing = 0;
		};
/* End PBXResourcesBuildPhase section */

/* Begin PBXSourcesBuildPhase section */
		C3851FEB1982D2E100D2F1AC /* Sources */ = {
			isa = PBXSourcesBuildPhase;
			buildActionMask = 2147483647;
			files = (
				C3851FFF1982D2E100D2F1AC /* main.m in Sources */,
				C385200C1982D2E100D2F1AC /* PSViewController.m in Sources */,
				C38520031982D2E100D2F1AC /* PSAppDelegate.m in Sources */,
			);
			runOnlyForDeploymentPostprocessing = 0;
		};
		C385200F1982D2E100D2F1AC /* Sources */ = {
			isa = PBXSourcesBuildPhase;
			buildActionMask = 2147483647;
			files = (
				C38520211982D2E100D2F1AC /* peekshareTests.m in Sources */,
			);
			runOnlyForDeploymentPostprocessing = 0;
		};
/* End PBXSourcesBuildPhase section */

/* Begin PBXTargetDependency section */
		C38520191982D2E100D2F1AC /* PBXTargetDependency */ = {
			isa = PBXTargetDependency;
			target = C3851FEE1982D2E100D2F1AC /* peekshare */;
			targetProxy = C38520181982D2E100D2F1AC /* PBXContainerItemProxy */;
		};
/* End PBXTargetDependency section */

/* Begin PBXVariantGroup section */
		C3851FFB1982D2E100D2F1AC /* InfoPlist.strings */ = {
			isa = PBXVariantGroup;
			children = (
				C3851FFC1982D2E100D2F1AC /* en */,
			);
			name = InfoPlist.strings;
			sourceTree = "<group>";
		};
		C38520041982D2E100D2F1AC /* Main_iPhone.storyboard */ = {
			isa = PBXVariantGroup;
			children = (
				C38520051982D2E100D2F1AC /* Base */,
			);
			name = Main_iPhone.storyboard;
			sourceTree = "<group>";
		};
		C38520071982D2E100D2F1AC /* Main_iPad.storyboard */ = {
			isa = PBXVariantGroup;
			children = (
				C38520081982D2E100D2F1AC /* Base */,
			);
			name = Main_iPad.storyboard;
			sourceTree = "<group>";
		};
		C385201D1982D2E100D2F1AC /* InfoPlist.strings */ = {
			isa = PBXVariantGroup;
			children = (
				C385201E1982D2E100D2F1AC /* en */,
			);
			name = InfoPlist.strings;
			sourceTree = "<group>";
		};
/* End PBXVariantGroup section */

/* Begin XCBuildConfiguration section */
		C38520221982D2E100D2F1AC /* Debug */ = {
			isa = XCBuildConfiguration;
			buildSettings = {
				ALWAYS_SEARCH_USER_PATHS = NO;
				CLANG_CXX_LANGUAGE_STANDARD = "gnu++0x";
				CLANG_CXX_LIBRARY = "libc++";
				CLANG_ENABLE_MODULES = YES;
				CLANG_ENABLE_OBJC_ARC = YES;
				CLANG_WARN_BOOL_CONVERSION = YES;
				CLANG_WARN_CONSTANT_CONVERSION = YES;
				CLANG_WARN_DIRECT_OBJC_ISA_USAGE = YES_ERROR;
				CLANG_WARN_EMPTY_BODY = YES;
				CLANG_WARN_ENUM_CONVERSION = YES;
				CLANG_WARN_INT_CONVERSION = YES;
				CLANG_WARN_OBJC_ROOT_CLASS = YES_ERROR;
				CLANG_WARN__DUPLICATE_METHOD_MATCH = YES;
				"CODE_SIGN_IDENTITY[sdk=iphoneos*]" = "iPhone Developer";
				COPY_PHASE_STRIP = NO;
				GCC_C_LANGUAGE_STANDARD = gnu99;
				GCC_DYNAMIC_NO_PIC = NO;
				GCC_OPTIMIZATION_LEVEL = 0;
				GCC_PREPROCESSOR_DEFINITIONS = (
					"DEBUG=1",
					"$(inherited)",
				);
				GCC_SYMBOLS_PRIVATE_EXTERN = NO;
				GCC_WARN_64_TO_32_BIT_CONVERSION = YES;
				GCC_WARN_ABOUT_RETURN_TYPE = YES_ERROR;
				GCC_WARN_UNDECLARED_SELECTOR = YES;
				GCC_WARN_UNINITIALIZED_AUTOS = YES_AGGRESSIVE;
				GCC_WARN_UNUSED_FUNCTION = YES;
				GCC_WARN_UNUSED_VARIABLE = YES;
				IPHONEOS_DEPLOYMENT_TARGET = 7.1;
				ONLY_ACTIVE_ARCH = YES;
				SDKROOT = iphoneos;
				TARGETED_DEVICE_FAMILY = "1,2";
			};
			name = Debug;
		};
		C38520231982D2E100D2F1AC /* Release */ = {
			isa = XCBuildConfiguration;
			buildSettings = {
				ALWAYS_SEARCH_USER_PATHS = NO;
				CLANG_CXX_LANGUAGE_STANDARD = "gnu++0x";
				CLANG_CXX_LIBRARY = "libc++";
				CLANG_ENABLE_MODULES = YES;
				CLANG_ENABLE_OBJC_ARC = YES;
				CLANG_WARN_BOOL_CONVERSION = YES;
				CLANG_WARN_CONSTANT_CONVERSION = YES;
				CLANG_WARN_DIRECT_OBJC_ISA_USAGE = YES_ERROR;
				CLANG_WARN_EMPTY_BODY = YES;
				CLANG_WARN_ENUM_CONVERSION = YES;
				CLANG_WARN_INT_CONVERSION = YES;
				CLANG_WARN_OBJC_ROOT_CLASS = YES_ERROR;
				CLANG_WARN__DUPLICATE_METHOD_MATCH = YES;
				"CODE_SIGN_IDENTITY[sdk=iphoneos*]" = "iPhone Developer";
				COPY_PHASE_STRIP = YES;
				ENABLE_NS_ASSERTIONS = NO;
				GCC_C_LANGUAGE_STANDARD = gnu99;
				GCC_WARN_64_TO_32_BIT_CONVERSION = YES;
				GCC_WARN_ABOUT_RETURN_TYPE = YES_ERROR;
				GCC_WARN_UNDECLARED_SELECTOR = YES;
				GCC_WARN_UNINITIALIZED_AUTOS = YES_AGGRESSIVE;
				GCC_WARN_UNUSED_FUNCTION = YES;
				GCC_WARN_UNUSED_VARIABLE = YES;
				IPHONEOS_DEPLOYMENT_TARGET = 7.1;
				SDKROOT = iphoneos;
				TARGETED_DEVICE_FAMILY = "1,2";
				VALIDATE_PRODUCT = YES;
			};
			name = Release;
		};
		C38520251982D2E100D2F1AC /* Debug */ = {
			isa = XCBuildConfiguration;
			buildSettings = {
				ASSETCATALOG_COMPILER_APPICON_NAME = AppIcon;
				ASSETCATALOG_COMPILER_LAUNCHIMAGE_NAME = LaunchImage;
				GCC_PRECOMPILE_PREFIX_HEADER = YES;
				GCC_PREFIX_HEADER = "peekshare/peekshare-Prefix.pch";
				INFOPLIST_FILE = "peekshare/peekshare-Info.plist";
				PRODUCT_NAME = "$(TARGET_NAME)";
				WRAPPER_EXTENSION = app;
			};
			name = Debug;
		};
		C38520261982D2E100D2F1AC /* Release */ = {
			isa = XCBuildConfiguration;
			buildSettings = {
				ASSETCATALOG_COMPILER_APPICON_NAME = AppIcon;
				ASSETCATALOG_COMPILER_LAUNCHIMAGE_NAME = LaunchImage;
				GCC_PRECOMPILE_PREFIX_HEADER = YES;
				GCC_PREFIX_HEADER = "peekshare/peekshare-Prefix.pch";
				INFOPLIST_FILE = "peekshare/peekshare-Info.plist";
				PRODUCT_NAME = "$(TARGET_NAME)";
				WRAPPER_EXTENSION = app;
			};
			name = Release;
		};
		C38520281982D2E100D2F1AC /* Debug */ = {
			isa = XCBuildConfiguration;
			buildSettings = {
				BUNDLE_LOADER = "$(BUILT_PRODUCTS_DIR)/peekshare.app/peekshare";
				FRAMEWORK_SEARCH_PATHS = (
					"$(SDKROOT)/Developer/Library/Frameworks",
					"$(inherited)",
					"$(DEVELOPER_FRAMEWORKS_DIR)",
				);
				GCC_PRECOMPILE_PREFIX_HEADER = YES;
				GCC_PREFIX_HEADER = "peekshare/peekshare-Prefix.pch";
				GCC_PREPROCESSOR_DEFINITIONS = (
					"DEBUG=1",
					"$(inherited)",
				);
				INFOPLIST_FILE = "peekshareTests/peekshareTests-Info.plist";
				PRODUCT_NAME = "$(TARGET_NAME)";
				TEST_HOST = "$(BUNDLE_LOADER)";
				WRAPPER_EXTENSION = xctest;
			};
			name = Debug;
		};
		C38520291982D2E100D2F1AC /* Release */ = {
			isa = XCBuildConfiguration;
			buildSettings = {
				BUNDLE_LOADER = "$(BUILT_PRODUCTS_DIR)/peekshare.app/peekshare";
				FRAMEWORK_SEARCH_PATHS = (
					"$(SDKROOT)/Developer/Library/Frameworks",
					"$(inherited)",
					"$(DEVELOPER_FRAMEWORKS_DIR)",
				);
				GCC_PRECOMPILE_PREFIX_HEADER = YES;
				GCC_PREFIX_HEADER = "peekshare/peekshare-Prefix.pch";
				INFOPLIST_FILE = "peekshareTests/peekshareTests-Info.plist";
				PRODUCT_NAME = "$(TARGET_NAME)";
				TEST_HOST = "$(BUNDLE_LOADER)";
				WRAPPER_EXTENSION = xctest;
			};
			name = Release;
		};
/* End XCBuildConfiguration section */

/* Begin XCConfigurationList section */
		C3851FEA1982D2E100D2F1AC /* Build configuration list for PBXProject "peekshare" */ = {
			isa = XCConfigurationList;
			buildConfigurations = (
				C38520221982D2E100D2F1AC /* Debug */,
				C38520231982D2E100D2F1AC /* Release */,
			);
			defaultConfigurationIsVisible = 0;
			defaultConfigurationName = Release;
		};
		C38520241982D2E100D2F1AC /* Build configuration list for PBXNativeTarget "peekshare" */ = {
			isa = XCConfigurationList;
			buildConfigurations = (
				C38520251982D2E100D2F1AC /* Debug */,
				C38520261982D2E100D2F1AC /* Release */,
			);
			defaultConfigurationIsVisible = 0;
		};
		C38520271982D2E100D2F1AC /* Build configuration list for PBXNativeTarget "peekshareTests" */ = {
			isa = XCConfigurationList;
			buildConfigurations = (
				C38520281982D2E100D2F1AC /* Debug */,
				C38520291982D2E100D2F1AC /* Release */,
			);
			defaultConfigurationIsVisible = 0;
		};
/* End XCConfigurationList section */
	};
	rootObject = C3851FE71982D2E100D2F1AC /* Project object */;
}
